// !$*UTF8*$!
{
	archiveVersion = 1;
	classes = {
	};
	objectVersion = 46;
	objects = {

/* Begin PBXFileReference section */
		0A5F779216486C66006ABD9A /* Jarvis_Memory_Top.py */ = {isa = PBXFileReference; fileEncoding = 4; lastKnownFileType = text.script.python; path = Jarvis_Memory_Top.py; sourceTree = "<group>"; };
		0A5F779316486D38006ABD9A /* Find_Keywords_Jmemory.py */ = {isa = PBXFileReference; fileEncoding = 4; lastKnownFileType = text.script.python; path = Find_Keywords_Jmemory.py; sourceTree = "<group>"; };
		0A5F77941648700D006ABD9A /* Jarvis_Memory_Dictionary.py */ = {isa = PBXFileReference; fileEncoding = 4; lastKnownFileType = text.script.python; path = Jarvis_Memory_Dictionary.py; sourceTree = "<group>"; };
		0AA6B0A416497B21001D1F80 /* Value_Objects_Jmemory.py */ = {isa = PBXFileReference; fileEncoding = 4; lastKnownFileType = text.script.python; path = Value_Objects_Jmemory.py; sourceTree = "<group>"; };
		0AA6B0A5164991A8001D1F80 /* add_memory_executable.py */ = {isa = PBXFileReference; fileEncoding = 4; lastKnownFileType = text.script.python; path = add_memory_executable.py; sourceTree = "<group>"; };
		0AA91C611648C6D800875AE8 /* Jarvis_Memory_Notes.rtf */ = {isa = PBXFileReference; lastKnownFileType = text.rtf; path = Jarvis_Memory_Notes.rtf; sourceTree = "<group>"; };
		0AA91C621648C7D000875AE8 /* Jarvis_Memory.dat */ = {isa = PBXFileReference; lastKnownFileType = file; path = Jarvis_Memory.dat; sourceTree = "<group>"; };
/* End PBXFileReference section */

/* Begin PBXGroup section */
		0A5F778516486BB9006ABD9A = {
			isa = PBXGroup;
			children = (
				0A5F779216486C66006ABD9A /* Jarvis_Memory_Top.py */,
				0AA6B0A5164991A8001D1F80 /* add_memory_executable.py */,
				0AA6B0A416497B21001D1F80 /* Value_Objects_Jmemory.py */,
				0A5F779316486D38006ABD9A /* Find_Keywords_Jmemory.py */,
				0A5F77941648700D006ABD9A /* Jarvis_Memory_Dictionary.py */,
				0AA91C621648C7D000875AE8 /* Jarvis_Memory.dat */,
				0AA91C611648C6D800875AE8 /* Jarvis_Memory_Notes.rtf */,
			);
			sourceTree = "<group>";
		};
/* End PBXGroup section */

/* Begin PBXLegacyTarget section */
		0A5F778C16486BB9006ABD9A /* python3.2 */ = {
			isa = PBXLegacyTarget;
			buildArgumentsString = "$(ACTION)";
			buildConfigurationList = 0A5F778F16486BB9006ABD9A /* Build configuration list for PBXLegacyTarget "python3.2" */;
			buildPhases = (
			);
			buildToolPath = /Library/Frameworks/Python.framework/Versions/3.2/bin/python3.2;
			dependencies = (
			);
			name = python3.2;
			passBuildSettingsInEnvironment = 1;
			productName = Jarvis_Memory;
		};
/* End PBXLegacyTarget section */

/* Begin PBXProject section */
		0A5F778716486BB9006ABD9A /* Project object */ = {
			isa = PBXProject;
			attributes = {
				LastUpgradeCheck = 0450;
				ORGANIZATIONNAME = "Kevin McLaughlin";
			};
			buildConfigurationList = 0A5F778A16486BB9006ABD9A /* Build configuration list for PBXProject "Jarvis_Memory" */;
			compatibilityVersion = "Xcode 3.2";
			developmentRegion = English;
			hasScannedForEncodings = 0;
			knownRegions = (
				en,
			);
			mainGroup = 0A5F778516486BB9006ABD9A;
			projectDirPath = "";
			projectRoot = "";
			targets = (
				0A5F778C16486BB9006ABD9A /* python3.2 */,
			);
		};
/* End PBXProject section */

/* Begin XCBuildConfiguration section */
		0A5F778D16486BB9006ABD9A /* Debug */ = {
			isa = XCBuildConfiguration;
			buildSettings = {
				ALWAYS_SEARCH_USER_PATHS = NO;
				ARCHS = "$(ARCHS_STANDARD_64_BIT)";
				CLANG_CXX_LANGUAGE_STANDARD = "gnu++0x";
				CLANG_CXX_LIBRARY = "libc++";
				CLANG_WARN_EMPTY_BODY = YES;
				CLANG_WARN__DUPLICATE_METHOD_MATCH = YES;
				COPY_PHASE_STRIP = NO;
				GCC_C_LANGUAGE_STANDARD = gnu99;
				GCC_DYNAMIC_NO_PIC = NO;
				GCC_ENABLE_OBJC_EXCEPTIONS = YES;
				GCC_OPTIMIZATION_LEVEL = 0;
				GCC_PREPROCESSOR_DEFINITIONS = (
					"DEBUG=1",
					"$(inherited)",
				);
				GCC_SYMBOLS_PRIVATE_EXTERN = NO;
				GCC_WARN_64_TO_32_BIT_CONVERSION = YES;
				GCC_WARN_ABOUT_RETURN_TYPE = YES;
				GCC_WARN_UNINITIALIZED_AUTOS = YES;
				GCC_WARN_UNUSED_VARIABLE = YES;
				MACOSX_DEPLOYMENT_TARGET = 10.8;
				ONLY_ACTIVE_ARCH = YES;
				SDKROOT = macosx;
			};
			name = Debug;
		};
		0A5F778E16486BB9006ABD9A /* Release */ = {
			isa = XCBuildConfiguration;
			buildSettings = {
				ALWAYS_SEARCH_USER_PATHS = NO;
				ARCHS = "$(ARCHS_STANDARD_64_BIT)";
				CLANG_CXX_LANGUAGE_STANDARD = "gnu++0x";
				CLANG_CXX_LIBRARY = "libc++";
				CLANG_WARN_EMPTY_BODY = YES;
				CLANG_WARN__DUPLICATE_METHOD_MATCH = YES;
				COPY_PHASE_STRIP = YES;
				DEBUG_INFORMATION_FORMAT = "dwarf-with-dsym";
				GCC_C_LANGUAGE_STANDARD = gnu99;
				GCC_ENABLE_OBJC_EXCEPTIONS = YES;
				GCC_WARN_64_TO_32_BIT_CONVERSION = YES;
				GCC_WARN_ABOUT_RETURN_TYPE = YES;
				GCC_WARN_UNINITIALIZED_AUTOS = YES;
				GCC_WARN_UNUSED_VARIABLE = YES;
				MACOSX_DEPLOYMENT_TARGET = 10.8;
				SDKROOT = macosx;
			};
			name = Release;
		};
		0A5F779016486BB9006ABD9A /* Debug */ = {
			isa = XCBuildConfiguration;
			buildSettings = {
				DEBUGGING_SYMBOLS = YES;
				GCC_GENERATE_DEBUGGING_SYMBOLS = YES;
				GCC_OPTIMIZATION_LEVEL = 0;
				OTHER_CFLAGS = "";
				OTHER_LDFLAGS = "";
				PRODUCT_NAME = "$(TARGET_NAME)";
			};
			name = Debug;
		};
		0A5F779116486BB9006ABD9A /* Release */ = {
			isa = XCBuildConfiguration;
			buildSettings = {
				OTHER_CFLAGS = "";
				OTHER_LDFLAGS = "";
				PRODUCT_NAME = "$(TARGET_NAME)";
			};
			name = Release;
		};
/* End XCBuildConfiguration section */

/* Begin XCConfigurationList section */
		0A5F778A16486BB9006ABD9A /* Build configuration list for PBXProject "Jarvis_Memory" */ = {
			isa = XCConfigurationList;
			buildConfigurations = (
				0A5F778D16486BB9006ABD9A /* Debug */,
				0A5F778E16486BB9006ABD9A /* Release */,
			);
			defaultConfigurationIsVisible = 0;
			defaultConfigurationName = Release;
		};
		0A5F778F16486BB9006ABD9A /* Build configuration list for PBXLegacyTarget "python3.2" */ = {
			isa = XCConfigurationList;
			buildConfigurations = (
				0A5F779016486BB9006ABD9A /* Debug */,
				0A5F779116486BB9006ABD9A /* Release */,
			);
			defaultConfigurationIsVisible = 0;
			defaultConfigurationName = Release;
		};
/* End XCConfigurationList section */
	};
	rootObject = 0A5F778716486BB9006ABD9A /* Project object */;
}
